
Microsoft Visual Studio Solution File, Format Version 12.00
# Visual Studio Version 17
VisualStudioVersion = 17.11.35327.3
MinimumVisualStudioVersion = 10.0.40219.1
Project("{9A19103F-16F7-4668-BE54-9A1E7A4F7556}") = "paveldijimas", "paveldijimas\paveldijimas.csproj", "{BFC91F83-57AC-4A6A-B55D-DB0CE613B16E}"
EndProject
Project("{9A19103F-16F7-4668-BE54-9A1E7A4F7556}") = "antrauzdoutis", "antrauzdoutis\antrauzdoutis.csproj", "{2489702E-6BA0-4854-9CEC-752828B8EFE9}"
EndProject
Project("{9A19103F-16F7-4668-BE54-9A1E7A4F7556}") = "treciauzdoutis", "treciauzdoutis\treciauzdoutis.csproj", "{494ECBD5-0008-457F-BDC0-C4DFC2009197}"
EndProject
Project("{9A19103F-16F7-4668-BE54-9A1E7A4F7556}") = "KetvirtaUzdoutis", "KetvirtaUzdoutis\KetvirtaUzdoutis.csproj", "{5D2DA6D1-9342-4CC6-B44C-E2137E8BDE90}"
EndProject
Project("{FAE04EC0-301F-11D3-BF4B-00C04F79EFBC}") = "penktaUzdoutis1", "penktaUzdoutis1\penktaUzdoutis1.csproj", "{DF889154-318A-45E7-9533-31F201B3A672}"
EndProject
Global
	GlobalSection(SolutionConfigurationPlatforms) = preSolution
		Debug|Any CPU = Debug|Any CPU
		Release|Any CPU = Release|Any CPU
	EndGlobalSection
	GlobalSection(ProjectConfigurationPlatforms) = postSolution
		{BFC91F83-57AC-4A6A-B55D-DB0CE613B16E}.Debug|Any CPU.ActiveCfg = Debug|Any CPU
		{BFC91F83-57AC-4A6A-B55D-DB0CE613B16E}.Debug|Any CPU.Build.0 = Debug|Any CPU
		{BFC91F83-57AC-4A6A-B55D-DB0CE613B16E}.Release|Any CPU.ActiveCfg = Release|Any CPU
		{BFC91F83-57AC-4A6A-B55D-DB0CE613B16E}.Release|Any CPU.Build.0 = Release|Any CPU
		{2489702E-6BA0-4854-9CEC-752828B8EFE9}.Debug|Any CPU.ActiveCfg = Debug|Any CPU
		{2489702E-6BA0-4854-9CEC-752828B8EFE9}.Debug|Any CPU.Build.0 = Debug|Any CPU
		{2489702E-6BA0-4854-9CEC-752828B8EFE9}.Release|Any CPU.ActiveCfg = Release|Any CPU
		{2489702E-6BA0-4854-9CEC-752828B8EFE9}.Release|Any CPU.Build.0 = Release|Any CPU
		{494ECBD5-0008-457F-BDC0-C4DFC2009197}.Debug|Any CPU.ActiveCfg = Debug|Any CPU
		{494ECBD5-0008-457F-BDC0-C4DFC2009197}.Debug|Any CPU.Build.0 = Debug|Any CPU
		{494ECBD5-0008-457F-BDC0-C4DFC2009197}.Release|Any CPU.ActiveCfg = Release|Any CPU
		{494ECBD5-0008-457F-BDC0-C4DFC2009197}.Release|Any CPU.Build.0 = Release|Any CPU
		{5D2DA6D1-9342-4CC6-B44C-E2137E8BDE90}.Debug|Any CPU.ActiveCfg = Debug|Any CPU
		{5D2DA6D1-9342-4CC6-B44C-E2137E8BDE90}.Debug|Any CPU.Build.0 = Debug|Any CPU
		{5D2DA6D1-9342-4CC6-B44C-E2137E8BDE90}.Release|Any CPU.ActiveCfg = Release|Any CPU
		{5D2DA6D1-9342-4CC6-B44C-E2137E8BDE90}.Release|Any CPU.Build.0 = Release|Any CPU
		{DF889154-318A-45E7-9533-31F201B3A672}.Debug|Any CPU.ActiveCfg = Debug|Any CPU
		{DF889154-318A-45E7-9533-31F201B3A672}.Debug|Any CPU.Build.0 = Debug|Any CPU
		{DF889154-318A-45E7-9533-31F201B3A672}.Release|Any CPU.ActiveCfg = Release|Any CPU
		{DF889154-318A-45E7-9533-31F201B3A672}.Release|Any CPU.Build.0 = Release|Any CPU
	EndGlobalSection
	GlobalSection(SolutionProperties) = preSolution
		HideSolutionNode = FALSE
	EndGlobalSection
	GlobalSection(ExtensibilityGlobals) = postSolution
		SolutionGuid = {148A4975-1F5B-471C-B1CD-A84B607D17AA}
	EndGlobalSection
EndGlobal
